// !$*UTF8*$!
{
	archiveVersion = 1;
	classes = {
	};
	objectVersion = 50;
	objects = {

/* Begin PBXBuildFile section */
		24E5121B229BB6F600EED04F /* AppDelegate.swift in Sources */ = {isa = PBXBuildFile; fileRef = 24E5121A229BB6F600EED04F /* AppDelegate.swift */; };
		24E5121D229BB6F600EED04F /* ViewController.swift in Sources */ = {isa = PBXBuildFile; fileRef = 24E5121C229BB6F600EED04F /* ViewController.swift */; };
		24E51220229BB6F600EED04F /* Main.storyboard in Resources */ = {isa = PBXBuildFile; fileRef = 24E5121E229BB6F600EED04F /* Main.storyboard */; };
		24E51222229BB70100EED04F /* Assets.xcassets in Resources */ = {isa = PBXBuildFile; fileRef = 24E51221229BB70100EED04F /* Assets.xcassets */; };
		24E51225229BB70100EED04F /* LaunchScreen.storyboard in Resources */ = {isa = PBXBuildFile; fileRef = 24E51223229BB70100EED04F /* LaunchScreen.storyboard */; };
		24E51230229BB70400EED04F /* SNSTests.swift in Sources */ = {isa = PBXBuildFile; fileRef = 24E5122F229BB70400EED04F /* SNSTests.swift */; };
		24E5123B229BB70400EED04F /* SNSUITests.swift in Sources */ = {isa = PBXBuildFile; fileRef = 24E5123A229BB70400EED04F /* SNSUITests.swift */; };
/* End PBXBuildFile section */

/* Begin PBXContainerItemProxy section */
		24E5122C229BB70400EED04F /* PBXContainerItemProxy */ = {
			isa = PBXContainerItemProxy;
			containerPortal = 24E5120F229BB6F600EED04F /* Project object */;
			proxyType = 1;
			remoteGlobalIDString = 24E51216229BB6F600EED04F;
			remoteInfo = SNS;
		};
		24E51237229BB70400EED04F /* PBXContainerItemProxy */ = {
			isa = PBXContainerItemProxy;
			containerPortal = 24E5120F229BB6F600EED04F /* Project object */;
			proxyType = 1;
			remoteGlobalIDString = 24E51216229BB6F600EED04F;
			remoteInfo = SNS;
		};
/* End PBXContainerItemProxy section */

/* Begin PBXFileReference section */
		24E51217229BB6F600EED04F /* SNS.app */ = {isa = PBXFileReference; explicitFileType = wrapper.application; includeInIndex = 0; path = SNS.app; sourceTree = BUILT_PRODUCTS_DIR; };
		24E5121A229BB6F600EED04F /* AppDelegate.swift */ = {isa = PBXFileReference; lastKnownFileType = sourcecode.swift; path = AppDelegate.swift; sourceTree = "<group>"; };
		24E5121C229BB6F600EED04F /* ViewController.swift */ = {isa = PBXFileReference; lastKnownFileType = sourcecode.swift; path = ViewController.swift; sourceTree = "<group>"; };
		24E5121F229BB6F600EED04F /* Base */ = {isa = PBXFileReference; lastKnownFileType = file.storyboard; name = Base; path = Base.lproj/Main.storyboard; sourceTree = "<group>"; };
		24E51221229BB70100EED04F /* Assets.xcassets */ = {isa = PBXFileReference; lastKnownFileType = folder.assetcatalog; path = Assets.xcassets; sourceTree = "<group>"; };
		24E51224229BB70100EED04F /* Base */ = {isa = PBXFileReference; lastKnownFileType = file.storyboard; name = Base; path = Base.lproj/LaunchScreen.storyboard; sourceTree = "<group>"; };
		24E51226229BB70100EED04F /* Info.plist */ = {isa = PBXFileReference; lastKnownFileType = text.plist.xml; path = Info.plist; sourceTree = "<group>"; };
		24E5122B229BB70400EED04F /* SNSTests.xctest */ = {isa = PBXFileReference; explicitFileType = wrapper.cfbundle; includeInIndex = 0; path = SNSTests.xctest; sourceTree = BUILT_PRODUCTS_DIR; };
		24E5122F229BB70400EED04F /* SNSTests.swift */ = {isa = PBXFileReference; lastKnownFileType = sourcecode.swift; path = SNSTests.swift; sourceTree = "<group>"; };
		24E51231229BB70400EED04F /* Info.plist */ = {isa = PBXFileReference; lastKnownFileType = text.plist.xml; path = Info.plist; sourceTree = "<group>"; };
		24E51236229BB70400EED04F /* SNSUITests.xctest */ = {isa = PBXFileReference; explicitFileType = wrapper.cfbundle; includeInIndex = 0; path = SNSUITests.xctest; sourceTree = BUILT_PRODUCTS_DIR; };
		24E5123A229BB70400EED04F /* SNSUITests.swift */ = {isa = PBXFileReference; lastKnownFileType = sourcecode.swift; path = SNSUITests.swift; sourceTree = "<group>"; };
		24E5123C229BB70400EED04F /* Info.plist */ = {isa = PBXFileReference; lastKnownFileType = text.plist.xml; path = Info.plist; sourceTree = "<group>"; };
/* End PBXFileReference section */

/* Begin PBXFrameworksBuildPhase section */
		24E51214229BB6F600EED04F /* Frameworks */ = {
			isa = PBXFrameworksBuildPhase;
			buildActionMask = 2147483647;
			files = (
			);
			runOnlyForDeploymentPostprocessing = 0;
		};
		24E51228229BB70400EED04F /* Frameworks */ = {
			isa = PBXFrameworksBuildPhase;
			buildActionMask = 2147483647;
			files = (
			);
			runOnlyForDeploymentPostprocessing = 0;
		};
		24E51233229BB70400EED04F /* Frameworks */ = {
			isa = PBXFrameworksBuildPhase;
			buildActionMask = 2147483647;
			files = (
			);
			runOnlyForDeploymentPostprocessing = 0;
		};
/* End PBXFrameworksBuildPhase section */

/* Begin PBXGroup section */
		24E5120E229BB6F600EED04F = {
			isa = PBXGroup;
			children = (
				24E51219229BB6F600EED04F /* SNS */,
				24E5122E229BB70400EED04F /* SNSTests */,
				24E51239229BB70400EED04F /* SNSUITests */,
				24E51218229BB6F600EED04F /* Products */,
			);
			sourceTree = "<group>";
		};
		24E51218229BB6F600EED04F /* Products */ = {
			isa = PBXGroup;
			children = (
				24E51217229BB6F600EED04F /* SNS.app */,
				24E5122B229BB70400EED04F /* SNSTests.xctest */,
				24E51236229BB70400EED04F /* SNSUITests.xctest */,
			);
			name = Products;
			sourceTree = "<group>";
		};
		24E51219229BB6F600EED04F /* SNS */ = {
			isa = PBXGroup;
			children = (
				24E5121A229BB6F600EED04F /* AppDelegate.swift */,
				24E5121C229BB6F600EED04F /* ViewController.swift */,
				24E5121E229BB6F600EED04F /* Main.storyboard */,
				24E51221229BB70100EED04F /* Assets.xcassets */,
				24E51223229BB70100EED04F /* LaunchScreen.storyboard */,
				24E51226229BB70100EED04F /* Info.plist */,
			);
			path = SNS;
			sourceTree = "<group>";
		};
		24E5122E229BB70400EED04F /* SNSTests */ = {
			isa = PBXGroup;
			children = (
				24E5122F229BB70400EED04F /* SNSTests.swift */,
				24E51231229BB70400EED04F /* Info.plist */,
			);
			path = SNSTests;
			sourceTree = "<group>";
		};
		24E51239229BB70400EED04F /* SNSUITests */ = {
			isa = PBXGroup;
			children = (
				24E5123A229BB70400EED04F /* SNSUITests.swift */,
				24E5123C229BB70400EED04F /* Info.plist */,
			);
			path = SNSUITests;
			sourceTree = "<group>";
		};
/* End PBXGroup section */

/* Begin PBXNativeTarget section */
		24E51216229BB6F600EED04F /* SNS */ = {
			isa = PBXNativeTarget;
			buildConfigurationList = 24E5123F229BB70400EED04F /* Build configuration list for PBXNativeTarget "SNS" */;
			buildPhases = (
				24E51213229BB6F600EED04F /* Sources */,
				24E51214229BB6F600EED04F /* Frameworks */,
				24E51215229BB6F600EED04F /* Resources */,
			);
			buildRules = (
			);
			dependencies = (
			);
			name = SNS;
			productName = SNS;
			productReference = 24E51217229BB6F600EED04F /* SNS.app */;
			productType = "com.apple.product-type.application";
		};
		24E5122A229BB70400EED04F /* SNSTests */ = {
			isa = PBXNativeTarget;
			buildConfigurationList = 24E51242229BB70400EED04F /* Build configuration list for PBXNativeTarget "SNSTests" */;
			buildPhases = (
				24E51227229BB70400EED04F /* Sources */,
				24E51228229BB70400EED04F /* Frameworks */,
				24E51229229BB70400EED04F /* Resources */,
			);
			buildRules = (
			);
			dependencies = (
				24E5122D229BB70400EED04F /* PBXTargetDependency */,
			);
			name = SNSTests;
			productName = SNSTests;
			productReference = 24E5122B229BB70400EED04F /* SNSTests.xctest */;
			productType = "com.apple.product-type.bundle.unit-test";
		};
		24E51235229BB70400EED04F /* SNSUITests */ = {
			isa = PBXNativeTarget;
			buildConfigurationList = 24E51245229BB70400EED04F /* Build configuration list for PBXNativeTarget "SNSUITests" */;
			buildPhases = (
				24E51232229BB70400EED04F /* Sources */,
				24E51233229BB70400EED04F /* Frameworks */,
				24E51234229BB70400EED04F /* Resources */,
			);
			buildRules = (
			);
			dependencies = (
				24E51238229BB70400EED04F /* PBXTargetDependency */,
			);
			name = SNSUITests;
			productName = SNSUITests;
			productReference = 24E51236229BB70400EED04F /* SNSUITests.xctest */;
			productType = "com.apple.product-type.bundle.ui-testing";
		};
/* End PBXNativeTarget section */

/* Begin PBXProject section */
		24E5120F229BB6F600EED04F /* Project object */ = {
			isa = PBXProject;
			attributes = {
				LastSwiftUpdateCheck = 1020;
				LastUpgradeCheck = 1020;
				ORGANIZATIONNAME = "高澤佳乃";
				TargetAttributes = {
					24E51216229BB6F600EED04F = {
						CreatedOnToolsVersion = 10.2.1;
					};
					24E5122A229BB70400EED04F = {
						CreatedOnToolsVersion = 10.2.1;
						TestTargetID = 24E51216229BB6F600EED04F;
					};
					24E51235229BB70400EED04F = {
						CreatedOnToolsVersion = 10.2.1;
						TestTargetID = 24E51216229BB6F600EED04F;
					};
				};
			};
			buildConfigurationList = 24E51212229BB6F600EED04F /* Build configuration list for PBXProject "SNS" */;
			compatibilityVersion = "Xcode 9.3";
			developmentRegion = en;
			hasScannedForEncodings = 0;
			knownRegions = (
				en,
				Base,
			);
			mainGroup = 24E5120E229BB6F600EED04F;
			productRefGroup = 24E51218229BB6F600EED04F /* Products */;
			projectDirPath = "";
			projectRoot = "";
			targets = (
				24E51216229BB6F600EED04F /* SNS */,
				24E5122A229BB70400EED04F /* SNSTests */,
				24E51235229BB70400EED04F /* SNSUITests */,
			);
		};
/* End PBXProject section */

/* Begin PBXResourcesBuildPhase section */
		24E51215229BB6F600EED04F /* Resources */ = {
			isa = PBXResourcesBuildPhase;
			buildActionMask = 2147483647;
			files = (
				24E51225229BB70100EED04F /* LaunchScreen.storyboard in Resources */,
				24E51222229BB70100EED04F /* Assets.xcassets in Resources */,
				24E51220229BB6F600EED04F /* Main.storyboard in Resources */,
			);
			runOnlyForDeploymentPostprocessing = 0;
		};
		24E51229229BB70400EED04F /* Resources */ = {
			isa = PBXResourcesBuildPhase;
			buildActionMask = 2147483647;
			files = (
			);
			runOnlyForDeploymentPostprocessing = 0;
		};
		24E51234229BB70400EED04F /* Resources */ = {
			isa = PBXResourcesBuildPhase;
			buildActionMask = 2147483647;
			files = (
			);
			runOnlyForDeploymentPostprocessing = 0;
		};
/* End PBXResourcesBuildPhase section */

/* Begin PBXSourcesBuildPhase section */
		24E51213229BB6F600EED04F /* Sources */ = {
			isa = PBXSourcesBuildPhase;
			buildActionMask = 2147483647;
			files = (
				24E5121D229BB6F600EED04F /* ViewController.swift in Sources */,
				24E5121B229BB6F600EED04F /* AppDelegate.swift in Sources */,
			);
			runOnlyForDeploymentPostprocessing = 0;
		};
		24E51227229BB70400EED04F /* Sources */ = {
			isa = PBXSourcesBuildPhase;
			buildActionMask = 2147483647;
			files = (
				24E51230229BB70400EED04F /* SNSTests.swift in Sources */,
			);
			runOnlyForDeploymentPostprocessing = 0;
		};
		24E51232229BB70400EED04F /* Sources */ = {
			isa = PBXSourcesBuildPhase;
			buildActionMask = 2147483647;
			files = (
				24E5123B229BB70400EED04F /* SNSUITests.swift in Sources */,
			);
			runOnlyForDeploymentPostprocessing = 0;
		};
/* End PBXSourcesBuildPhase section */

/* Begin PBXTargetDependency section */
		24E5122D229BB70400EED04F /* PBXTargetDependency */ = {
			isa = PBXTargetDependency;
			target = 24E51216229BB6F600EED04F /* SNS */;
			targetProxy = 24E5122C229BB70400EED04F /* PBXContainerItemProxy */;
		};
		24E51238229BB70400EED04F /* PBXTargetDependency */ = {
			isa = PBXTargetDependency;
			target = 24E51216229BB6F600EED04F /* SNS */;
			targetProxy = 24E51237229BB70400EED04F /* PBXContainerItemProxy */;
		};
/* End PBXTargetDependency section */

/* Begin PBXVariantGroup section */
		24E5121E229BB6F600EED04F /* Main.storyboard */ = {
			isa = PBXVariantGroup;
			children = (
				24E5121F229BB6F600EED04F /* Base */,
			);
			name = Main.storyboard;
			sourceTree = "<group>";
		};
		24E51223229BB70100EED04F /* LaunchScreen.storyboard */ = {
			isa = PBXVariantGroup;
			children = (
				24E51224229BB70100EED04F /* Base */,
			);
			name = LaunchScreen.storyboard;
			sourceTree = "<group>";
		};
/* End PBXVariantGroup section */

/* Begin XCBuildConfiguration section */
		24E5123D229BB70400EED04F /* Debug */ = {
			isa = XCBuildConfiguration;
			buildSettings = {
				ALWAYS_SEARCH_USER_PATHS = NO;
				CLANG_ANALYZER_NONNULL = YES;
				CLANG_ANALYZER_NUMBER_OBJECT_CONVERSION = YES_AGGRESSIVE;
				CLANG_CXX_LANGUAGE_STANDARD = "gnu++14";
				CLANG_CXX_LIBRARY = "libc++";
				CLANG_ENABLE_MODULES = YES;
				CLANG_ENABLE_OBJC_ARC = YES;
				CLANG_ENABLE_OBJC_WEAK = YES;
				CLANG_WARN_BLOCK_CAPTURE_AUTORELEASING = YES;
				CLANG_WARN_BOOL_CONVERSION = YES;
				CLANG_WARN_COMMA = YES;
				CLANG_WARN_CONSTANT_CONVERSION = YES;
				CLANG_WARN_DEPRECATED_OBJC_IMPLEMENTATIONS = YES;
				CLANG_WARN_DIRECT_OBJC_ISA_USAGE = YES_ERROR;
				CLANG_WARN_DOCUMENTATION_COMMENTS = YES;
				CLANG_WARN_EMPTY_BODY = YES;
				CLANG_WARN_ENUM_CONVERSION = YES;
				CLANG_WARN_INFINITE_RECURSION = YES;
				CLANG_WARN_INT_CONVERSION = YES;
				CLANG_WARN_NON_LITERAL_NULL_CONVERSION = YES;
				CLANG_WARN_OBJC_IMPLICIT_RETAIN_SELF = YES;
				CLANG_WARN_OBJC_LITERAL_CONVERSION = YES;
				CLANG_WARN_OBJC_ROOT_CLASS = YES_ERROR;
				CLANG_WARN_RANGE_LOOP_ANALYSIS = YES;
				CLANG_WARN_STRICT_PROTOTYPES = YES;
				CLANG_WARN_SUSPICIOUS_MOVE = YES;
				CLANG_WARN_UNGUARDED_AVAILABILITY = YES_AGGRESSIVE;
				CLANG_WARN_UNREACHABLE_CODE = YES;
				CLANG_WARN__DUPLICATE_METHOD_MATCH = YES;
				CODE_SIGN_IDENTITY = "iPhone Developer";
				COPY_PHASE_STRIP = NO;
				DEBUG_INFORMATION_FORMAT = dwarf;
				ENABLE_STRICT_OBJC_MSGSEND = YES;
				ENABLE_TESTABILITY = YES;
				GCC_C_LANGUAGE_STANDARD = gnu11;
				GCC_DYNAMIC_NO_PIC = NO;
				GCC_NO_COMMON_BLOCKS = YES;
				GCC_OPTIMIZATION_LEVEL = 0;
				GCC_PREPROCESSOR_DEFINITIONS = (
					"DEBUG=1",
					"$(inherited)",
				);
				GCC_WARN_64_TO_32_BIT_CONVERSION = YES;
				GCC_WARN_ABOUT_RETURN_TYPE = YES_ERROR;
				GCC_WARN_UNDECLARED_SELECTOR = YES;
				GCC_WARN_UNINITIALIZED_AUTOS = YES_AGGRESSIVE;
				GCC_WARN_UNUSED_FUNCTION = YES;
				GCC_WARN_UNUSED_VARIABLE = YES;
				IPHONEOS_DEPLOYMENT_TARGET = 12.2;
				MTL_ENABLE_DEBUG_INFO = INCLUDE_SOURCE;
				MTL_FAST_MATH = YES;
				ONLY_ACTIVE_ARCH = YES;
				SDKROOT = iphoneos;
				SWIFT_ACTIVE_COMPILATION_CONDITIONS = DEBUG;
				SWIFT_OPTIMIZATION_LEVEL = "-Onone";
			};
			name = Debug;
		};
		24E5123E229BB70400EED04F /* Release */ = {
			isa = XCBuildConfiguration;
			buildSettings = {
				ALWAYS_SEARCH_USER_PATHS = NO;
				CLANG_ANALYZER_NONNULL = YES;
				CLANG_ANALYZER_NUMBER_OBJECT_CONVERSION = YES_AGGRESSIVE;
				CLANG_CXX_LANGUAGE_STANDARD = "gnu++14";
				CLANG_CXX_LIBRARY = "libc++";
				CLANG_ENABLE_MODULES = YES;
				CLANG_ENABLE_OBJC_ARC = YES;
				CLANG_ENABLE_OBJC_WEAK = YES;
				CLANG_WARN_BLOCK_CAPTURE_AUTORELEASING = YES;
				CLANG_WARN_BOOL_CONVERSION = YES;
				CLANG_WARN_COMMA = YES;
				CLANG_WARN_CONSTANT_CONVERSION = YES;
				CLANG_WARN_DEPRECATED_OBJC_IMPLEMENTATIONS = YES;
				CLANG_WARN_DIRECT_OBJC_ISA_USAGE = YES_ERROR;
				CLANG_WARN_DOCUMENTATION_COMMENTS = YES;
				CLANG_WARN_EMPTY_BODY = YES;
				CLANG_WARN_ENUM_CONVERSION = YES;
				CLANG_WARN_INFINITE_RECURSION = YES;
				CLANG_WARN_INT_CONVERSION = YES;
				CLANG_WARN_NON_LITERAL_NULL_CONVERSION = YES;
				CLANG_WARN_OBJC_IMPLICIT_RETAIN_SELF = YES;
				CLANG_WARN_OBJC_LITERAL_CONVERSION = YES;
				CLANG_WARN_OBJC_ROOT_CLASS = YES_ERROR;
				CLANG_WARN_RANGE_LOOP_ANALYSIS = YES;
				CLANG_WARN_STRICT_PROTOTYPES = YES;
				CLANG_WARN_SUSPICIOUS_MOVE = YES;
				CLANG_WARN_UNGUARDED_AVAILABILITY = YES_AGGRESSIVE;
				CLANG_WARN_UNREACHABLE_CODE = YES;
				CLANG_WARN__DUPLICATE_METHOD_MATCH = YES;
				CODE_SIGN_IDENTITY = "iPhone Developer";
				COPY_PHASE_STRIP = NO;
				DEBUG_INFORMATION_FORMAT = "dwarf-with-dsym";
				ENABLE_NS_ASSERTIONS = NO;
				ENABLE_STRICT_OBJC_MSGSEND = YES;
				GCC_C_LANGUAGE_STANDARD = gnu11;
				GCC_NO_COMMON_BLOCKS = YES;
				GCC_WARN_64_TO_32_BIT_CONVERSION = YES;
				GCC_WARN_ABOUT_RETURN_TYPE = YES_ERROR;
				GCC_WARN_UNDECLARED_SELECTOR = YES;
				GCC_WARN_UNINITIALIZED_AUTOS = YES_AGGRESSIVE;
				GCC_WARN_UNUSED_FUNCTION = YES;
				GCC_WARN_UNUSED_VARIABLE = YES;
				IPHONEOS_DEPLOYMENT_TARGET = 12.2;
				MTL_ENABLE_DEBUG_INFO = NO;
				MTL_FAST_MATH = YES;
				SDKROOT = iphoneos;
				SWIFT_COMPILATION_MODE = wholemodule;
				SWIFT_OPTIMIZATION_LEVEL = "-O";
				VALIDATE_PRODUCT = YES;
			};
			name = Release;
		};
		24E51240229BB70400EED04F /* Debug */ = {
			isa = XCBuildConfiguration;
			buildSettings = {
				ASSETCATALOG_COMPILER_APPICON_NAME = AppIcon;
				CODE_SIGN_STYLE = Automatic;
				INFOPLIST_FILE = SNS/Info.plist;
				LD_RUNPATH_SEARCH_PATHS = (
					"$(inherited)",
					"@executable_path/Frameworks",
				);
				PRODUCT_BUNDLE_IDENTIFIER = com.gmail.yochiyochiperry2000.SNS;
				PRODUCT_NAME = "$(TARGET_NAME)";
				SWIFT_VERSION = 5.0;
				TARGETED_DEVICE_FAMILY = "1,2";
			};
			name = Debug;
		};
		24E51241229BB70400EED04F /* Release */ = {
			isa = XCBuildConfiguration;
			buildSettings = {
				ASSETCATALOG_COMPILER_APPICON_NAME = AppIcon;
				CODE_SIGN_STYLE = Automatic;
				INFOPLIST_FILE = SNS/Info.plist;
				LD_RUNPATH_SEARCH_PATHS = (
					"$(inherited)",
					"@executable_path/Frameworks",
				);
				PRODUCT_BUNDLE_IDENTIFIER = com.gmail.yochiyochiperry2000.SNS;
				PRODUCT_NAME = "$(TARGET_NAME)";
				SWIFT_VERSION = 5.0;
				TARGETED_DEVICE_FAMILY = "1,2";
			};
			name = Release;
		};
		24E51243229BB70400EED04F /* Debug */ = {
			isa = XCBuildConfiguration;
			buildSettings = {
				ALWAYS_EMBED_SWIFT_STANDARD_LIBRARIES = YES;
				BUNDLE_LOADER = "$(TEST_HOST)";
				CODE_SIGN_STYLE = Automatic;
				INFOPLIST_FILE = SNSTests/Info.plist;
				LD_RUNPATH_SEARCH_PATHS = (
					"$(inherited)",
					"@executable_path/Frameworks",
					"@loader_path/Frameworks",
				);
				PRODUCT_BUNDLE_IDENTIFIER = com.gmail.yochiyochiperry2000.SNSTests;
				PRODUCT_NAME = "$(TARGET_NAME)";
				SWIFT_VERSION = 5.0;
				TARGETED_DEVICE_FAMILY = "1,2";
				TEST_HOST = "$(BUILT_PRODUCTS_DIR)/SNS.app/SNS";
			};
			name = Debug;
		};
		24E51244229BB70400EED04F /* Release */ = {
			isa = XCBuildConfiguration;
			buildSettings = {
				ALWAYS_EMBED_SWIFT_STANDARD_LIBRARIES = YES;
				BUNDLE_LOADER = "$(TEST_HOST)";
				CODE_SIGN_STYLE = Automatic;
				INFOPLIST_FILE = SNSTests/Info.plist;
				LD_RUNPATH_SEARCH_PATHS = (
					"$(inherited)",
					"@executable_path/Frameworks",
					"@loader_path/Frameworks",
				);
				PRODUCT_BUNDLE_IDENTIFIER = com.gmail.yochiyochiperry2000.SNSTests;
				PRODUCT_NAME = "$(TARGET_NAME)";
				SWIFT_VERSION = 5.0;
				TARGETED_DEVICE_FAMILY = "1,2";
				TEST_HOST = "$(BUILT_PRODUCTS_DIR)/SNS.app/SNS";
			};
			name = Release;
		};
		24E51246229BB70400EED04F /* Debug */ = {
			isa = XCBuildConfiguration;
			buildSettings = {
				ALWAYS_EMBED_SWIFT_STANDARD_LIBRARIES = YES;
				CODE_SIGN_STYLE = Automatic;
				INFOPLIST_FILE = SNSUITests/Info.plist;
				LD_RUNPATH_SEARCH_PATHS = (
					"$(inherited)",
					"@executable_path/Frameworks",
					"@loader_path/Frameworks",
				);
				PRODUCT_BUNDLE_IDENTIFIER = com.gmail.yochiyochiperry2000.SNSUITests;
				PRODUCT_NAME = "$(TARGET_NAME)";
				SWIFT_VERSION = 5.0;
				TARGETED_DEVICE_FAMILY = "1,2";
				TEST_TARGET_NAME = SNS;
			};
			name = Debug;
		};
		24E51247229BB70400EED04F /* Release */ = {
			isa = XCBuildConfiguration;
			buildSettings = {
				ALWAYS_EMBED_SWIFT_STANDARD_LIBRARIES = YES;
				CODE_SIGN_STYLE = Automatic;
				INFOPLIST_FILE = SNSUITests/Info.plist;
				LD_RUNPATH_SEARCH_PATHS = (
					"$(inherited)",
					"@executable_path/Frameworks",
					"@loader_path/Frameworks",
				);
				PRODUCT_BUNDLE_IDENTIFIER = com.gmail.yochiyochiperry2000.SNSUITests;
				PRODUCT_NAME = "$(TARGET_NAME)";
				SWIFT_VERSION = 5.0;
				TARGETED_DEVICE_FAMILY = "1,2";
				TEST_TARGET_NAME = SNS;
			};
			name = Release;
		};
/* End XCBuildConfiguration section */

/* Begin XCConfigurationList section */
		24E51212229BB6F600EED04F /* Build configuration list for PBXProject "SNS" */ = {
			isa = XCConfigurationList;
			buildConfigurations = (
				24E5123D229BB70400EED04F /* Debug */,
				24E5123E229BB70400EED04F /* Release */,
			);
			defaultConfigurationIsVisible = 0;
			defaultConfigurationName = Release;
		};
		24E5123F229BB70400EED04F /* Build configuration list for PBXNativeTarget "SNS" */ = {
			isa = XCConfigurationList;
			buildConfigurations = (
				24E51240229BB70400EED04F /* Debug */,
				24E51241229BB70400EED04F /* Release */,
			);
			defaultConfigurationIsVisible = 0;
			defaultConfigurationName = Release;
		};
		24E51242229BB70400EED04F /* Build configuration list for PBXNativeTarget "SNSTests" */ = {
			isa = XCConfigurationList;
			buildConfigurations = (
				24E51243229BB70400EED04F /* Debug */,
				24E51244229BB70400EED04F /* Release */,
			);
			defaultConfigurationIsVisible = 0;
			defaultConfigurationName = Release;
		};
		24E51245229BB70400EED04F /* Build configuration list for PBXNativeTarget "SNSUITests" */ = {
			isa = XCConfigurationList;
			buildConfigurations = (
				24E51246229BB70400EED04F /* Debug */,
				24E51247229BB70400EED04F /* Release */,
			);
			defaultConfigurationIsVisible = 0;
			defaultConfigurationName = Release;
		};
/* End XCConfigurationList section */
	};
	rootObject = 24E5120F229BB6F600EED04F /* Project object */;
}
