// !$*UTF8*$!
{
	archiveVersion = 1;
	classes = {
	};
	objectVersion = 50;
	objects = {

/* Begin PBXBuildFile section */
		241A62F822A43085006A34CA /* AppDelegate.swift in Sources */ = {isa = PBXBuildFile; fileRef = 241A62F722A43085006A34CA /* AppDelegate.swift */; };
		241A62FA22A43085006A34CA /* ViewController.swift in Sources */ = {isa = PBXBuildFile; fileRef = 241A62F922A43085006A34CA /* ViewController.swift */; };
		241A62FD22A43085006A34CA /* Main.storyboard in Resources */ = {isa = PBXBuildFile; fileRef = 241A62FB22A43085006A34CA /* Main.storyboard */; };
		241A62FF22A43096006A34CA /* Assets.xcassets in Resources */ = {isa = PBXBuildFile; fileRef = 241A62FE22A43096006A34CA /* Assets.xcassets */; };
		241A630222A43096006A34CA /* LaunchScreen.storyboard in Resources */ = {isa = PBXBuildFile; fileRef = 241A630022A43096006A34CA /* LaunchScreen.storyboard */; };
		241A630D22A43098006A34CA /* CameraTests.swift in Sources */ = {isa = PBXBuildFile; fileRef = 241A630C22A43098006A34CA /* CameraTests.swift */; };
		241A631822A43098006A34CA /* CameraUITests.swift in Sources */ = {isa = PBXBuildFile; fileRef = 241A631722A43098006A34CA /* CameraUITests.swift */; };
/* End PBXBuildFile section */

/* Begin PBXContainerItemProxy section */
		241A630922A43098006A34CA /* PBXContainerItemProxy */ = {
			isa = PBXContainerItemProxy;
			containerPortal = 241A62EC22A43085006A34CA /* Project object */;
			proxyType = 1;
			remoteGlobalIDString = 241A62F322A43085006A34CA;
			remoteInfo = Camera;
		};
		241A631422A43098006A34CA /* PBXContainerItemProxy */ = {
			isa = PBXContainerItemProxy;
			containerPortal = 241A62EC22A43085006A34CA /* Project object */;
			proxyType = 1;
			remoteGlobalIDString = 241A62F322A43085006A34CA;
			remoteInfo = Camera;
		};
/* End PBXContainerItemProxy section */

/* Begin PBXFileReference section */
		241A62F422A43085006A34CA /* Camera.app */ = {isa = PBXFileReference; explicitFileType = wrapper.application; includeInIndex = 0; path = Camera.app; sourceTree = BUILT_PRODUCTS_DIR; };
		241A62F722A43085006A34CA /* AppDelegate.swift */ = {isa = PBXFileReference; lastKnownFileType = sourcecode.swift; path = AppDelegate.swift; sourceTree = "<group>"; };
		241A62F922A43085006A34CA /* ViewController.swift */ = {isa = PBXFileReference; lastKnownFileType = sourcecode.swift; path = ViewController.swift; sourceTree = "<group>"; };
		241A62FC22A43085006A34CA /* Base */ = {isa = PBXFileReference; lastKnownFileType = file.storyboard; name = Base; path = Base.lproj/Main.storyboard; sourceTree = "<group>"; };
		241A62FE22A43096006A34CA /* Assets.xcassets */ = {isa = PBXFileReference; lastKnownFileType = folder.assetcatalog; path = Assets.xcassets; sourceTree = "<group>"; };
		241A630122A43096006A34CA /* Base */ = {isa = PBXFileReference; lastKnownFileType = file.storyboard; name = Base; path = Base.lproj/LaunchScreen.storyboard; sourceTree = "<group>"; };
		241A630322A43096006A34CA /* Info.plist */ = {isa = PBXFileReference; lastKnownFileType = text.plist.xml; path = Info.plist; sourceTree = "<group>"; };
		241A630822A43098006A34CA /* CameraTests.xctest */ = {isa = PBXFileReference; explicitFileType = wrapper.cfbundle; includeInIndex = 0; path = CameraTests.xctest; sourceTree = BUILT_PRODUCTS_DIR; };
		241A630C22A43098006A34CA /* CameraTests.swift */ = {isa = PBXFileReference; lastKnownFileType = sourcecode.swift; path = CameraTests.swift; sourceTree = "<group>"; };
		241A630E22A43098006A34CA /* Info.plist */ = {isa = PBXFileReference; lastKnownFileType = text.plist.xml; path = Info.plist; sourceTree = "<group>"; };
		241A631322A43098006A34CA /* CameraUITests.xctest */ = {isa = PBXFileReference; explicitFileType = wrapper.cfbundle; includeInIndex = 0; path = CameraUITests.xctest; sourceTree = BUILT_PRODUCTS_DIR; };
		241A631722A43098006A34CA /* CameraUITests.swift */ = {isa = PBXFileReference; lastKnownFileType = sourcecode.swift; path = CameraUITests.swift; sourceTree = "<group>"; };
		241A631922A43098006A34CA /* Info.plist */ = {isa = PBXFileReference; lastKnownFileType = text.plist.xml; path = Info.plist; sourceTree = "<group>"; };
/* End PBXFileReference section */

/* Begin PBXFrameworksBuildPhase section */
		241A62F122A43085006A34CA /* Frameworks */ = {
			isa = PBXFrameworksBuildPhase;
			buildActionMask = 2147483647;
			files = (
			);
			runOnlyForDeploymentPostprocessing = 0;
		};
		241A630522A43098006A34CA /* Frameworks */ = {
			isa = PBXFrameworksBuildPhase;
			buildActionMask = 2147483647;
			files = (
			);
			runOnlyForDeploymentPostprocessing = 0;
		};
		241A631022A43098006A34CA /* Frameworks */ = {
			isa = PBXFrameworksBuildPhase;
			buildActionMask = 2147483647;
			files = (
			);
			runOnlyForDeploymentPostprocessing = 0;
		};
/* End PBXFrameworksBuildPhase section */

/* Begin PBXGroup section */
		241A62EB22A43085006A34CA = {
			isa = PBXGroup;
			children = (
				241A62F622A43085006A34CA /* Camera */,
				241A630B22A43098006A34CA /* CameraTests */,
				241A631622A43098006A34CA /* CameraUITests */,
				241A62F522A43085006A34CA /* Products */,
			);
			sourceTree = "<group>";
		};
		241A62F522A43085006A34CA /* Products */ = {
			isa = PBXGroup;
			children = (
				241A62F422A43085006A34CA /* Camera.app */,
				241A630822A43098006A34CA /* CameraTests.xctest */,
				241A631322A43098006A34CA /* CameraUITests.xctest */,
			);
			name = Products;
			sourceTree = "<group>";
		};
		241A62F622A43085006A34CA /* Camera */ = {
			isa = PBXGroup;
			children = (
				241A62F722A43085006A34CA /* AppDelegate.swift */,
				241A62F922A43085006A34CA /* ViewController.swift */,
				241A62FB22A43085006A34CA /* Main.storyboard */,
				241A62FE22A43096006A34CA /* Assets.xcassets */,
				241A630022A43096006A34CA /* LaunchScreen.storyboard */,
				241A630322A43096006A34CA /* Info.plist */,
			);
			path = Camera;
			sourceTree = "<group>";
		};
		241A630B22A43098006A34CA /* CameraTests */ = {
			isa = PBXGroup;
			children = (
				241A630C22A43098006A34CA /* CameraTests.swift */,
				241A630E22A43098006A34CA /* Info.plist */,
			);
			path = CameraTests;
			sourceTree = "<group>";
		};
		241A631622A43098006A34CA /* CameraUITests */ = {
			isa = PBXGroup;
			children = (
				241A631722A43098006A34CA /* CameraUITests.swift */,
				241A631922A43098006A34CA /* Info.plist */,
			);
			path = CameraUITests;
			sourceTree = "<group>";
		};
/* End PBXGroup section */

/* Begin PBXNativeTarget section */
		241A62F322A43085006A34CA /* Camera */ = {
			isa = PBXNativeTarget;
			buildConfigurationList = 241A631C22A43098006A34CA /* Build configuration list for PBXNativeTarget "Camera" */;
			buildPhases = (
				241A62F022A43085006A34CA /* Sources */,
				241A62F122A43085006A34CA /* Frameworks */,
				241A62F222A43085006A34CA /* Resources */,
			);
			buildRules = (
			);
			dependencies = (
			);
			name = Camera;
			productName = Camera;
			productReference = 241A62F422A43085006A34CA /* Camera.app */;
			productType = "com.apple.product-type.application";
		};
		241A630722A43098006A34CA /* CameraTests */ = {
			isa = PBXNativeTarget;
			buildConfigurationList = 241A631F22A43098006A34CA /* Build configuration list for PBXNativeTarget "CameraTests" */;
			buildPhases = (
				241A630422A43098006A34CA /* Sources */,
				241A630522A43098006A34CA /* Frameworks */,
				241A630622A43098006A34CA /* Resources */,
			);
			buildRules = (
			);
			dependencies = (
				241A630A22A43098006A34CA /* PBXTargetDependency */,
			);
			name = CameraTests;
			productName = CameraTests;
			productReference = 241A630822A43098006A34CA /* CameraTests.xctest */;
			productType = "com.apple.product-type.bundle.unit-test";
		};
		241A631222A43098006A34CA /* CameraUITests */ = {
			isa = PBXNativeTarget;
			buildConfigurationList = 241A632222A43098006A34CA /* Build configuration list for PBXNativeTarget "CameraUITests" */;
			buildPhases = (
				241A630F22A43098006A34CA /* Sources */,
				241A631022A43098006A34CA /* Frameworks */,
				241A631122A43098006A34CA /* Resources */,
			);
			buildRules = (
			);
			dependencies = (
				241A631522A43098006A34CA /* PBXTargetDependency */,
			);
			name = CameraUITests;
			productName = CameraUITests;
			productReference = 241A631322A43098006A34CA /* CameraUITests.xctest */;
			productType = "com.apple.product-type.bundle.ui-testing";
		};
/* End PBXNativeTarget section */

/* Begin PBXProject section */
		241A62EC22A43085006A34CA /* Project object */ = {
			isa = PBXProject;
			attributes = {
				LastSwiftUpdateCheck = 1020;
				LastUpgradeCheck = 1020;
				ORGANIZATIONNAME = "高澤佳乃";
				TargetAttributes = {
					241A62F322A43085006A34CA = {
						CreatedOnToolsVersion = 10.2.1;
					};
					241A630722A43098006A34CA = {
						CreatedOnToolsVersion = 10.2.1;
						TestTargetID = 241A62F322A43085006A34CA;
					};
					241A631222A43098006A34CA = {
						CreatedOnToolsVersion = 10.2.1;
						TestTargetID = 241A62F322A43085006A34CA;
					};
				};
			};
			buildConfigurationList = 241A62EF22A43085006A34CA /* Build configuration list for PBXProject "Camera" */;
			compatibilityVersion = "Xcode 9.3";
			developmentRegion = en;
			hasScannedForEncodings = 0;
			knownRegions = (
				en,
				Base,
			);
			mainGroup = 241A62EB22A43085006A34CA;
			productRefGroup = 241A62F522A43085006A34CA /* Products */;
			projectDirPath = "";
			projectRoot = "";
			targets = (
				241A62F322A43085006A34CA /* Camera */,
				241A630722A43098006A34CA /* CameraTests */,
				241A631222A43098006A34CA /* CameraUITests */,
			);
		};
/* End PBXProject section */

/* Begin PBXResourcesBuildPhase section */
		241A62F222A43085006A34CA /* Resources */ = {
			isa = PBXResourcesBuildPhase;
			buildActionMask = 2147483647;
			files = (
				241A630222A43096006A34CA /* LaunchScreen.storyboard in Resources */,
				241A62FF22A43096006A34CA /* Assets.xcassets in Resources */,
				241A62FD22A43085006A34CA /* Main.storyboard in Resources */,
			);
			runOnlyForDeploymentPostprocessing = 0;
		};
		241A630622A43098006A34CA /* Resources */ = {
			isa = PBXResourcesBuildPhase;
			buildActionMask = 2147483647;
			files = (
			);
			runOnlyForDeploymentPostprocessing = 0;
		};
		241A631122A43098006A34CA /* Resources */ = {
			isa = PBXResourcesBuildPhase;
			buildActionMask = 2147483647;
			files = (
			);
			runOnlyForDeploymentPostprocessing = 0;
		};
/* End PBXResourcesBuildPhase section */

/* Begin PBXSourcesBuildPhase section */
		241A62F022A43085006A34CA /* Sources */ = {
			isa = PBXSourcesBuildPhase;
			buildActionMask = 2147483647;
			files = (
				241A62FA22A43085006A34CA /* ViewController.swift in Sources */,
				241A62F822A43085006A34CA /* AppDelegate.swift in Sources */,
			);
			runOnlyForDeploymentPostprocessing = 0;
		};
		241A630422A43098006A34CA /* Sources */ = {
			isa = PBXSourcesBuildPhase;
			buildActionMask = 2147483647;
			files = (
				241A630D22A43098006A34CA /* CameraTests.swift in Sources */,
			);
			runOnlyForDeploymentPostprocessing = 0;
		};
		241A630F22A43098006A34CA /* Sources */ = {
			isa = PBXSourcesBuildPhase;
			buildActionMask = 2147483647;
			files = (
				241A631822A43098006A34CA /* CameraUITests.swift in Sources */,
			);
			runOnlyForDeploymentPostprocessing = 0;
		};
/* End PBXSourcesBuildPhase section */

/* Begin PBXTargetDependency section */
		241A630A22A43098006A34CA /* PBXTargetDependency */ = {
			isa = PBXTargetDependency;
			target = 241A62F322A43085006A34CA /* Camera */;
			targetProxy = 241A630922A43098006A34CA /* PBXContainerItemProxy */;
		};
		241A631522A43098006A34CA /* PBXTargetDependency */ = {
			isa = PBXTargetDependency;
			target = 241A62F322A43085006A34CA /* Camera */;
			targetProxy = 241A631422A43098006A34CA /* PBXContainerItemProxy */;
		};
/* End PBXTargetDependency section */

/* Begin PBXVariantGroup section */
		241A62FB22A43085006A34CA /* Main.storyboard */ = {
			isa = PBXVariantGroup;
			children = (
				241A62FC22A43085006A34CA /* Base */,
			);
			name = Main.storyboard;
			sourceTree = "<group>";
		};
		241A630022A43096006A34CA /* LaunchScreen.storyboard */ = {
			isa = PBXVariantGroup;
			children = (
				241A630122A43096006A34CA /* Base */,
			);
			name = LaunchScreen.storyboard;
			sourceTree = "<group>";
		};
/* End PBXVariantGroup section */

/* Begin XCBuildConfiguration section */
		241A631A22A43098006A34CA /* Debug */ = {
			isa = XCBuildConfiguration;
			buildSettings = {
				ALWAYS_SEARCH_USER_PATHS = NO;
				CLANG_ANALYZER_NONNULL = YES;
				CLANG_ANALYZER_NUMBER_OBJECT_CONVERSION = YES_AGGRESSIVE;
				CLANG_CXX_LANGUAGE_STANDARD = "gnu++14";
				CLANG_CXX_LIBRARY = "libc++";
				CLANG_ENABLE_MODULES = YES;
				CLANG_ENABLE_OBJC_ARC = YES;
				CLANG_ENABLE_OBJC_WEAK = YES;
				CLANG_WARN_BLOCK_CAPTURE_AUTORELEASING = YES;
				CLANG_WARN_BOOL_CONVERSION = YES;
				CLANG_WARN_COMMA = YES;
				CLANG_WARN_CONSTANT_CONVERSION = YES;
				CLANG_WARN_DEPRECATED_OBJC_IMPLEMENTATIONS = YES;
				CLANG_WARN_DIRECT_OBJC_ISA_USAGE = YES_ERROR;
				CLANG_WARN_DOCUMENTATION_COMMENTS = YES;
				CLANG_WARN_EMPTY_BODY = YES;
				CLANG_WARN_ENUM_CONVERSION = YES;
				CLANG_WARN_INFINITE_RECURSION = YES;
				CLANG_WARN_INT_CONVERSION = YES;
				CLANG_WARN_NON_LITERAL_NULL_CONVERSION = YES;
				CLANG_WARN_OBJC_IMPLICIT_RETAIN_SELF = YES;
				CLANG_WARN_OBJC_LITERAL_CONVERSION = YES;
				CLANG_WARN_OBJC_ROOT_CLASS = YES_ERROR;
				CLANG_WARN_RANGE_LOOP_ANALYSIS = YES;
				CLANG_WARN_STRICT_PROTOTYPES = YES;
				CLANG_WARN_SUSPICIOUS_MOVE = YES;
				CLANG_WARN_UNGUARDED_AVAILABILITY = YES_AGGRESSIVE;
				CLANG_WARN_UNREACHABLE_CODE = YES;
				CLANG_WARN__DUPLICATE_METHOD_MATCH = YES;
				CODE_SIGN_IDENTITY = "iPhone Developer";
				COPY_PHASE_STRIP = NO;
				DEBUG_INFORMATION_FORMAT = dwarf;
				ENABLE_STRICT_OBJC_MSGSEND = YES;
				ENABLE_TESTABILITY = YES;
				GCC_C_LANGUAGE_STANDARD = gnu11;
				GCC_DYNAMIC_NO_PIC = NO;
				GCC_NO_COMMON_BLOCKS = YES;
				GCC_OPTIMIZATION_LEVEL = 0;
				GCC_PREPROCESSOR_DEFINITIONS = (
					"DEBUG=1",
					"$(inherited)",
				);
				GCC_WARN_64_TO_32_BIT_CONVERSION = YES;
				GCC_WARN_ABOUT_RETURN_TYPE = YES_ERROR;
				GCC_WARN_UNDECLARED_SELECTOR = YES;
				GCC_WARN_UNINITIALIZED_AUTOS = YES_AGGRESSIVE;
				GCC_WARN_UNUSED_FUNCTION = YES;
				GCC_WARN_UNUSED_VARIABLE = YES;
				IPHONEOS_DEPLOYMENT_TARGET = 12.2;
				MTL_ENABLE_DEBUG_INFO = INCLUDE_SOURCE;
				MTL_FAST_MATH = YES;
				ONLY_ACTIVE_ARCH = YES;
				SDKROOT = iphoneos;
				SWIFT_ACTIVE_COMPILATION_CONDITIONS = DEBUG;
				SWIFT_OPTIMIZATION_LEVEL = "-Onone";
			};
			name = Debug;
		};
		241A631B22A43098006A34CA /* Release */ = {
			isa = XCBuildConfiguration;
			buildSettings = {
				ALWAYS_SEARCH_USER_PATHS = NO;
				CLANG_ANALYZER_NONNULL = YES;
				CLANG_ANALYZER_NUMBER_OBJECT_CONVERSION = YES_AGGRESSIVE;
				CLANG_CXX_LANGUAGE_STANDARD = "gnu++14";
				CLANG_CXX_LIBRARY = "libc++";
				CLANG_ENABLE_MODULES = YES;
				CLANG_ENABLE_OBJC_ARC = YES;
				CLANG_ENABLE_OBJC_WEAK = YES;
				CLANG_WARN_BLOCK_CAPTURE_AUTORELEASING = YES;
				CLANG_WARN_BOOL_CONVERSION = YES;
				CLANG_WARN_COMMA = YES;
				CLANG_WARN_CONSTANT_CONVERSION = YES;
				CLANG_WARN_DEPRECATED_OBJC_IMPLEMENTATIONS = YES;
				CLANG_WARN_DIRECT_OBJC_ISA_USAGE = YES_ERROR;
				CLANG_WARN_DOCUMENTATION_COMMENTS = YES;
				CLANG_WARN_EMPTY_BODY = YES;
				CLANG_WARN_ENUM_CONVERSION = YES;
				CLANG_WARN_INFINITE_RECURSION = YES;
				CLANG_WARN_INT_CONVERSION = YES;
				CLANG_WARN_NON_LITERAL_NULL_CONVERSION = YES;
				CLANG_WARN_OBJC_IMPLICIT_RETAIN_SELF = YES;
				CLANG_WARN_OBJC_LITERAL_CONVERSION = YES;
				CLANG_WARN_OBJC_ROOT_CLASS = YES_ERROR;
				CLANG_WARN_RANGE_LOOP_ANALYSIS = YES;
				CLANG_WARN_STRICT_PROTOTYPES = YES;
				CLANG_WARN_SUSPICIOUS_MOVE = YES;
				CLANG_WARN_UNGUARDED_AVAILABILITY = YES_AGGRESSIVE;
				CLANG_WARN_UNREACHABLE_CODE = YES;
				CLANG_WARN__DUPLICATE_METHOD_MATCH = YES;
				CODE_SIGN_IDENTITY = "iPhone Developer";
				COPY_PHASE_STRIP = NO;
				DEBUG_INFORMATION_FORMAT = "dwarf-with-dsym";
				ENABLE_NS_ASSERTIONS = NO;
				ENABLE_STRICT_OBJC_MSGSEND = YES;
				GCC_C_LANGUAGE_STANDARD = gnu11;
				GCC_NO_COMMON_BLOCKS = YES;
				GCC_WARN_64_TO_32_BIT_CONVERSION = YES;
				GCC_WARN_ABOUT_RETURN_TYPE = YES_ERROR;
				GCC_WARN_UNDECLARED_SELECTOR = YES;
				GCC_WARN_UNINITIALIZED_AUTOS = YES_AGGRESSIVE;
				GCC_WARN_UNUSED_FUNCTION = YES;
				GCC_WARN_UNUSED_VARIABLE = YES;
				IPHONEOS_DEPLOYMENT_TARGET = 12.2;
				MTL_ENABLE_DEBUG_INFO = NO;
				MTL_FAST_MATH = YES;
				SDKROOT = iphoneos;
				SWIFT_COMPILATION_MODE = wholemodule;
				SWIFT_OPTIMIZATION_LEVEL = "-O";
				VALIDATE_PRODUCT = YES;
			};
			name = Release;
		};
		241A631D22A43098006A34CA /* Debug */ = {
			isa = XCBuildConfiguration;
			buildSettings = {
				ASSETCATALOG_COMPILER_APPICON_NAME = AppIcon;
				CODE_SIGN_STYLE = Automatic;
				DEVELOPMENT_TEAM = 9B5ACB48R3;
				INFOPLIST_FILE = Camera/Info.plist;
				LD_RUNPATH_SEARCH_PATHS = (
					"$(inherited)",
					"@executable_path/Frameworks",
				);
				PRODUCT_BUNDLE_IDENTIFIER = com.gmail.yochiyochiperry2000.Camera;
				PRODUCT_NAME = "$(TARGET_NAME)";
				SWIFT_VERSION = 5.0;
				TARGETED_DEVICE_FAMILY = "1,2";
			};
			name = Debug;
		};
		241A631E22A43098006A34CA /* Release */ = {
			isa = XCBuildConfiguration;
			buildSettings = {
				ASSETCATALOG_COMPILER_APPICON_NAME = AppIcon;
				CODE_SIGN_STYLE = Automatic;
				DEVELOPMENT_TEAM = 9B5ACB48R3;
				INFOPLIST_FILE = Camera/Info.plist;
				LD_RUNPATH_SEARCH_PATHS = (
					"$(inherited)",
					"@executable_path/Frameworks",
				);
				PRODUCT_BUNDLE_IDENTIFIER = com.gmail.yochiyochiperry2000.Camera;
				PRODUCT_NAME = "$(TARGET_NAME)";
				SWIFT_VERSION = 5.0;
				TARGETED_DEVICE_FAMILY = "1,2";
			};
			name = Release;
		};
		241A632022A43098006A34CA /* Debug */ = {
			isa = XCBuildConfiguration;
			buildSettings = {
				ALWAYS_EMBED_SWIFT_STANDARD_LIBRARIES = YES;
				BUNDLE_LOADER = "$(TEST_HOST)";
				CODE_SIGN_STYLE = Automatic;
				INFOPLIST_FILE = CameraTests/Info.plist;
				LD_RUNPATH_SEARCH_PATHS = (
					"$(inherited)",
					"@executable_path/Frameworks",
					"@loader_path/Frameworks",
				);
				PRODUCT_BUNDLE_IDENTIFIER = com.gmail.yochiyochiperry2000.CameraTests;
				PRODUCT_NAME = "$(TARGET_NAME)";
				SWIFT_VERSION = 5.0;
				TARGETED_DEVICE_FAMILY = "1,2";
				TEST_HOST = "$(BUILT_PRODUCTS_DIR)/Camera.app/Camera";
			};
			name = Debug;
		};
		241A632122A43098006A34CA /* Release */ = {
			isa = XCBuildConfiguration;
			buildSettings = {
				ALWAYS_EMBED_SWIFT_STANDARD_LIBRARIES = YES;
				BUNDLE_LOADER = "$(TEST_HOST)";
				CODE_SIGN_STYLE = Automatic;
				INFOPLIST_FILE = CameraTests/Info.plist;
				LD_RUNPATH_SEARCH_PATHS = (
					"$(inherited)",
					"@executable_path/Frameworks",
					"@loader_path/Frameworks",
				);
				PRODUCT_BUNDLE_IDENTIFIER = com.gmail.yochiyochiperry2000.CameraTests;
				PRODUCT_NAME = "$(TARGET_NAME)";
				SWIFT_VERSION = 5.0;
				TARGETED_DEVICE_FAMILY = "1,2";
				TEST_HOST = "$(BUILT_PRODUCTS_DIR)/Camera.app/Camera";
			};
			name = Release;
		};
		241A632322A43098006A34CA /* Debug */ = {
			isa = XCBuildConfiguration;
			buildSettings = {
				ALWAYS_EMBED_SWIFT_STANDARD_LIBRARIES = YES;
				CODE_SIGN_STYLE = Automatic;
				INFOPLIST_FILE = CameraUITests/Info.plist;
				LD_RUNPATH_SEARCH_PATHS = (
					"$(inherited)",
					"@executable_path/Frameworks",
					"@loader_path/Frameworks",
				);
				PRODUCT_BUNDLE_IDENTIFIER = com.gmail.yochiyochiperry2000.CameraUITests;
				PRODUCT_NAME = "$(TARGET_NAME)";
				SWIFT_VERSION = 5.0;
				TARGETED_DEVICE_FAMILY = "1,2";
				TEST_TARGET_NAME = Camera;
			};
			name = Debug;
		};
		241A632422A43098006A34CA /* Release */ = {
			isa = XCBuildConfiguration;
			buildSettings = {
				ALWAYS_EMBED_SWIFT_STANDARD_LIBRARIES = YES;
				CODE_SIGN_STYLE = Automatic;
				INFOPLIST_FILE = CameraUITests/Info.plist;
				LD_RUNPATH_SEARCH_PATHS = (
					"$(inherited)",
					"@executable_path/Frameworks",
					"@loader_path/Frameworks",
				);
				PRODUCT_BUNDLE_IDENTIFIER = com.gmail.yochiyochiperry2000.CameraUITests;
				PRODUCT_NAME = "$(TARGET_NAME)";
				SWIFT_VERSION = 5.0;
				TARGETED_DEVICE_FAMILY = "1,2";
				TEST_TARGET_NAME = Camera;
			};
			name = Release;
		};
/* End XCBuildConfiguration section */

/* Begin XCConfigurationList section */
		241A62EF22A43085006A34CA /* Build configuration list for PBXProject "Camera" */ = {
			isa = XCConfigurationList;
			buildConfigurations = (
				241A631A22A43098006A34CA /* Debug */,
				241A631B22A43098006A34CA /* Release */,
			);
			defaultConfigurationIsVisible = 0;
			defaultConfigurationName = Release;
		};
		241A631C22A43098006A34CA /* Build configuration list for PBXNativeTarget "Camera" */ = {
			isa = XCConfigurationList;
			buildConfigurations = (
				241A631D22A43098006A34CA /* Debug */,
				241A631E22A43098006A34CA /* Release */,
			);
			defaultConfigurationIsVisible = 0;
			defaultConfigurationName = Release;
		};
		241A631F22A43098006A34CA /* Build configuration list for PBXNativeTarget "CameraTests" */ = {
			isa = XCConfigurationList;
			buildConfigurations = (
				241A632022A43098006A34CA /* Debug */,
				241A632122A43098006A34CA /* Release */,
			);
			defaultConfigurationIsVisible = 0;
			defaultConfigurationName = Release;
		};
		241A632222A43098006A34CA /* Build configuration list for PBXNativeTarget "CameraUITests" */ = {
			isa = XCConfigurationList;
			buildConfigurations = (
				241A632322A43098006A34CA /* Debug */,
				241A632422A43098006A34CA /* Release */,
			);
			defaultConfigurationIsVisible = 0;
			defaultConfigurationName = Release;
		};
/* End XCConfigurationList section */
	};
	rootObject = 241A62EC22A43085006A34CA /* Project object */;
}
